
Microsoft Visual Studio Solution File, Format Version 12.00
# Visual Studio Version 17
VisualStudioVersion = 17.5.002.0
MinimumVisualStudioVersion = 10.0.40219.1
Project("{9A19103F-16F7-4668-BE54-9A1E7A4F7556}") = "PageModel", "PageModel.csproj", "{5CD049E8-A507-4A08-8DCD-1DD96BB66468}"
EndProject
Global
	GlobalSection(SolutionConfigurationPlatforms) = preSolution
		Debug|Any CPU = Debug|Any CPU
		Release|Any CPU = Release|Any CPU
	EndGlobalSection
	GlobalSection(ProjectConfigurationPlatforms) = postSolution
		{5CD049E8-A507-4A08-8DCD-1DD96BB66468}.Debug|Any CPU.ActiveCfg = Debug|Any CPU
		{5CD049E8-A507-4A08-8DCD-1DD96BB66468}.Debug|Any CPU.Build.0 = Debug|Any CPU
		{5CD049E8-A507-4A08-8DCD-1DD96BB66468}.Release|Any CPU.ActiveCfg = Release|Any CPU
		{5CD049E8-A507-4A08-8DCD-1DD96BB66468}.Release|Any CPU.Build.0 = Release|Any CPU
	EndGlobalSection
	GlobalSection(SolutionProperties) = preSolution
		HideSolutionNode = FALSE
	EndGlobalSection
	GlobalSection(ExtensibilityGlobals) = postSolution
		SolutionGuid = {2677192D-7D4B-432D-9871-B77CF966826D}
	EndGlobalSection
EndGlobal
